
Microsoft Visual Studio Solution File, Format Version 12.00
# Visual Studio Version 17
VisualStudioVersion = 17.9.34607.119
MinimumVisualStudioVersion = 10.0.40219.1
Project("{9A19103F-16F7-4668-BE54-9A1E7A4F7556}") = "spp", "spp\spp.csproj", "{61676248-A51B-4162-8A48-0ECC69E3BFFC}"
EndProject
Project("{9A19103F-16F7-4668-BE54-9A1E7A4F7556}") = "app", "app\app.csproj", "{8B776434-0C9D-475E-81D3-34CFB2653210}"
EndProject
Project("{FAE04EC0-301F-11D3-BF4B-00C04F79EFBC}") = "tests", "tests\tests.csproj", "{BCB031AB-F886-4CF6-9F3A-F8AE1FBA1083}"
EndProject
Global
	GlobalSection(SolutionConfigurationPlatforms) = preSolution
		Debug|Any CPU = Debug|Any CPU
		Release|Any CPU = Release|Any CPU
	EndGlobalSection
	GlobalSection(ProjectConfigurationPlatforms) = postSolution
		{61676248-A51B-4162-8A48-0ECC69E3BFFC}.Debug|Any CPU.ActiveCfg = Debug|Any CPU
		{61676248-A51B-4162-8A48-0ECC69E3BFFC}.Debug|Any CPU.Build.0 = Debug|Any CPU
		{61676248-A51B-4162-8A48-0ECC69E3BFFC}.Release|Any CPU.ActiveCfg = Release|Any CPU
		{61676248-A51B-4162-8A48-0ECC69E3BFFC}.Release|Any CPU.Build.0 = Release|Any CPU
		{8B776434-0C9D-475E-81D3-34CFB2653210}.Debug|Any CPU.ActiveCfg = Debug|Any CPU
		{8B776434-0C9D-475E-81D3-34CFB2653210}.Debug|Any CPU.Build.0 = Debug|Any CPU
		{8B776434-0C9D-475E-81D3-34CFB2653210}.Release|Any CPU.ActiveCfg = Release|Any CPU
		{8B776434-0C9D-475E-81D3-34CFB2653210}.Release|Any CPU.Build.0 = Release|Any CPU
		{BCB031AB-F886-4CF6-9F3A-F8AE1FBA1083}.Debug|Any CPU.ActiveCfg = Debug|Any CPU
		{BCB031AB-F886-4CF6-9F3A-F8AE1FBA1083}.Debug|Any CPU.Build.0 = Debug|Any CPU
		{BCB031AB-F886-4CF6-9F3A-F8AE1FBA1083}.Release|Any CPU.ActiveCfg = Release|Any CPU
		{BCB031AB-F886-4CF6-9F3A-F8AE1FBA1083}.Release|Any CPU.Build.0 = Release|Any CPU
	EndGlobalSection
	GlobalSection(SolutionProperties) = preSolution
		HideSolutionNode = FALSE
	EndGlobalSection
	GlobalSection(ExtensibilityGlobals) = postSolution
		SolutionGuid = {3CF446E9-0780-44CC-A88F-13D246B9D704}
	EndGlobalSection
EndGlobal
